{
  "name": "pattern-collector-anyjs-build-story",
  "version": "1.9.4",
  "lockfileVersion": 3,
  "requires": true,
  "packages": {
    "": {
      "name": "pattern-collector-anyjs-build-story",
      "version": "1.9.4",
      "devDependencies": {
        "pattern-collector-anyjs-pull-lines": "^1.13.5"
      }
    },
    "node_modules/pattern-collector": {
      "version": "1.5.19",
      "resolved": "https://registry.npmjs.org/pattern-collector/-/pattern-collector-1.5.19.tgz",
      "integrity": "sha512-FmnO3e6UThoKPLMzhas1MUNXjq/g4b/35ndQdsdGJSpWDpkAF7FLhkvcCACLPe41LUdteSinYmeDucrNgD+tgQ==",
      "dev": true
    },
    "node_modules/pattern-collector-anyjs-extract": {
      "version": "1.5.1",
      "resolved": "https://registry.npmjs.org/pattern-collector-anyjs-extract/-/pattern-collector-anyjs-extract-1.5.1.tgz",
      "integrity": "sha512-QKRqqrbZHE1/znTAhZguRGgZvCX3M2ybXj0ytsxLNtdA0HpYZGiLegAsQG852FfeOmfNrffb3kN0kOzrzR8iyg==",
      "dev": true,
      "dependencies": {
        "pattern-collector-anyjs-matches": "^1.3.8",
        "pattern-collector-base-regex-n-parts": "^1.6.4"
      }
    },
    "node_modules/pattern-collector-anyjs-matches": {
      "version": "1.3.8",
      "resolved": "https://registry.npmjs.org/pattern-collector-anyjs-matches/-/pattern-collector-anyjs-matches-1.3.8.tgz",
      "integrity": "sha512-Ucon6aCJKLMRMuEGCQ56ttXeo2gk80lZhrMB0wNEAzfO9KXeVKLP+NirnfzfVVxIMfldDze2/Vxo/NT3zKAmJQ==",
      "dev": true,
      "dependencies": {
        "pattern-collector": "^1.5.19"
      }
    },
    "node_modules/pattern-collector-anyjs-pull-lines": {
      "version": "1.13.5",
      "resolved": "https://registry.npmjs.org/pattern-collector-anyjs-pull-lines/-/pattern-collector-anyjs-pull-lines-1.13.5.tgz",
      "integrity": "sha512-BCt1Xjfl9TxJ0SN8RXvjyNBkkuCbJGhLuu1ZGjCdQVZPBm+yKVC+S+J8w4kHWZc1F2WMzjDCSfIWpyQ0kMbn6Q==",
      "dev": true,
      "dependencies": {
        "pattern-collector-anyjs-pull-lines-all": "^1.4.1",
        "pattern-collector-anyjs-pull-lines-consumption": "^1.2.1",
        "pattern-collector-anyjs-pull-lines-export": "^1.2.3",
        "pattern-collector-anyjs-pull-lines-import": "^1.9.4",
        "pattern-collector-anyjs-pull-lines-import-npm": "^1.2.1"
      }
    },
    "node_modules/pattern-collector-anyjs-pull-lines-all": {
      "version": "1.4.1",
      "resolved": "https://registry.npmjs.org/pattern-collector-anyjs-pull-lines-all/-/pattern-collector-anyjs-pull-lines-all-1.4.1.tgz",
      "integrity": "sha512-kyOTk0XrbVFk3NrjFUhx0ctclMaieVHwutdfcS456lnA1llQqBesju9aN2eU4bhgCBGTIN4uP/W1XQMIPWQoEw==",
      "dev": true
    },
    "node_modules/pattern-collector-anyjs-pull-lines-consumption": {
      "version": "1.2.1",
      "resolved": "https://registry.npmjs.org/pattern-collector-anyjs-pull-lines-consumption/-/pattern-collector-anyjs-pull-lines-consumption-1.2.1.tgz",
      "integrity": "sha512-ou0Be3FdJckbireWLP5AceJLLI837R8FIYWqCduXFLnBSNLnuUJXLNZ2bRjO1OLX89tB69zx1IXSrJtOm2wUQw==",
      "dev": true,
      "dependencies": {
        "pattern-collector-anyjs-extract": "^1.4.6"
      }
    },
    "node_modules/pattern-collector-anyjs-pull-lines-export": {
      "version": "1.2.3",
      "resolved": "https://registry.npmjs.org/pattern-collector-anyjs-pull-lines-export/-/pattern-collector-anyjs-pull-lines-export-1.2.3.tgz",
      "integrity": "sha512-EM16+tHy8dskRrVv94srno0yN0wNBBM8umr8hpiOjiCil9ZVqH0EVttIAczhNo5T/+HPfjn+EVqzlCRDcdpOdQ==",
      "dev": true,
      "dependencies": {
        "pattern-collector-anyjs-extract": "^1.5.1"
      }
    },
    "node_modules/pattern-collector-anyjs-pull-lines-import": {
      "version": "1.9.4",
      "resolved": "https://registry.npmjs.org/pattern-collector-anyjs-pull-lines-import/-/pattern-collector-anyjs-pull-lines-import-1.9.4.tgz",
      "integrity": "sha512-XnhO/EuDriWMqbXYalsa7DEs8iWngOSLjeEPcNZGgpVenfjFlikSDVfgIJaBLtbPCOYjNfxosxf1Ii7TWFqccw==",
      "dev": true,
      "dependencies": {
        "pattern-collector-anyjs-extract": "^1.5.1"
      }
    },
    "node_modules/pattern-collector-anyjs-pull-lines-import-npm": {
      "version": "1.2.1",
      "resolved": "https://registry.npmjs.org/pattern-collector-anyjs-pull-lines-import-npm/-/pattern-collector-anyjs-pull-lines-import-npm-1.2.1.tgz",
      "integrity": "sha512-/8x1B0fuNsyCYp5EzbYufdvzViWInbtOoEnKt2jjSoKtlcvHOgQXyiIAwzlfLrXgVUDc1gOXYNqb4/+1xisPBw==",
      "dev": true,
      "dependencies": {
        "pattern-collector-anyjs-extract": "^1.4.6"
      }
    },
    "node_modules/pattern-collector-base-regex-n-parts": {
      "version": "1.6.4",
      "resolved": "https://registry.npmjs.org/pattern-collector-base-regex-n-parts/-/pattern-collector-base-regex-n-parts-1.6.4.tgz",
      "integrity": "sha512-z8vEztE/rhLm0qagYRUs8qn94/q4PIW6dV2Tz3mNIhQgzXvRcSa+dXwurBerKeAlgVnEwIyKfwPcqJ+0TnBR+w==",
      "dev": true
    }
  }
}
